
Microsoft Visual Studio Solution File, Format Version 12.00
# Visual Studio Version 17
VisualStudioVersion = 17.7.34221.43
MinimumVisualStudioVersion = 10.0.40219.1
Project("{9A19103F-16F7-4668-BE54-9A1E7A4F7556}") = "EladsHUD", "EladsHUD.csproj", "{95274AC7-E614-496B-AE8D-480AA3B68680}"
EndProject
Global
	GlobalSection(SolutionConfigurationPlatforms) = preSolution
		Debug|Any CPU = Debug|Any CPU
		Release|Any CPU = Release|Any CPU
	EndGlobalSection
	GlobalSection(ProjectConfigurationPlatforms) = postSolution
		{95274AC7-E614-496B-AE8D-480AA3B68680}.Debug|Any CPU.ActiveCfg = Debug|Any CPU
		{95274AC7-E614-496B-AE8D-480AA3B68680}.Debug|Any CPU.Build.0 = Debug|Any CPU
		{95274AC7-E614-496B-AE8D-480AA3B68680}.Release|Any CPU.ActiveCfg = Release|Any CPU
		{95274AC7-E614-496B-AE8D-480AA3B68680}.Release|Any CPU.Build.0 = Release|Any CPU
	EndGlobalSection
	GlobalSection(SolutionProperties) = preSolution
		HideSolutionNode = FALSE
	EndGlobalSection
	GlobalSection(ExtensibilityGlobals) = postSolution
		SolutionGuid = {4FEC7D33-5E47-45C5-A3A6-F0174F5D451A}
	EndGlobalSection
EndGlobal
